
Microsoft Visual Studio Solution File, Format Version 12.00
# Visual Studio Version 17
VisualStudioVersion = 17.4.33110.190
MinimumVisualStudioVersion = 10.0.40219.1
Project("{9A19103F-16F7-4668-BE54-9A1E7A4F7556}") = "UsoDeFor", "UsoDeFor\UsoDeFor.csproj", "{B3BBA730-A98C-4C3F-9278-04C33740175A}"
EndProject
Project("{9A19103F-16F7-4668-BE54-9A1E7A4F7556}") = "Encapsulamento", "Encapsulamento\Encapsulamento.csproj", "{74B17DE6-8E6A-4D8B-AC6E-06DCE9815A3A}"
EndProject
Project("{9A19103F-16F7-4668-BE54-9A1E7A4F7556}") = "Properties", "Properties\Properties.csproj", "{9AC0843B-C26D-4437-AC42-7609E867209C}"
EndProject
Project("{9A19103F-16F7-4668-BE54-9A1E7A4F7556}") = "UsoDeNullable", "UsoDeNullable\UsoDeNullable.csproj", "{274E17AF-BCC9-4A35-9F34-9B903D996C51}"
EndProject
Project("{9A19103F-16F7-4668-BE54-9A1E7A4F7556}") = "StructVetores", "Vetores\StructVetores.csproj", "{13D60C90-1C0E-44CA-9CDF-700DF58359D8}"
EndProject
Project("{9A19103F-16F7-4668-BE54-9A1E7A4F7556}") = "BoxingUnboxing", "BoxingUnboxing\BoxingUnboxing.csproj", "{89DCA58A-B543-484A-B4D1-93B30AB503AC}"
EndProject
Project("{9A19103F-16F7-4668-BE54-9A1E7A4F7556}") = "Listas", "Listas\Listas.csproj", "{F2331740-B238-4F86-81AE-BF53C75C2216}"
EndProject
Project("{9A19103F-16F7-4668-BE54-9A1E7A4F7556}") = "AtualizandoLista", "AtualizandoLista\AtualizandoLista.csproj", "{76A71683-AB46-4CED-A971-E5299D93A620}"
EndProject
Project("{9A19103F-16F7-4668-BE54-9A1E7A4F7556}") = "Matrizes", "Matrizes\Matrizes.csproj", "{272A5F9D-22BB-48CE-AD83-EC2BA4562D50}"
EndProject
Project("{FAE04EC0-301F-11D3-BF4B-00C04F79EFBC}") = "SwitchCase", "SwitchCase\SwitchCase.csproj", "{033FB349-9F6E-43CA-81FC-AB6555DCE2D1}"
EndProject
Global
	GlobalSection(SolutionConfigurationPlatforms) = preSolution
		Debug|Any CPU = Debug|Any CPU
		Release|Any CPU = Release|Any CPU
	EndGlobalSection
	GlobalSection(ProjectConfigurationPlatforms) = postSolution
		{B3BBA730-A98C-4C3F-9278-04C33740175A}.Debug|Any CPU.ActiveCfg = Debug|Any CPU
		{B3BBA730-A98C-4C3F-9278-04C33740175A}.Debug|Any CPU.Build.0 = Debug|Any CPU
		{B3BBA730-A98C-4C3F-9278-04C33740175A}.Release|Any CPU.ActiveCfg = Release|Any CPU
		{B3BBA730-A98C-4C3F-9278-04C33740175A}.Release|Any CPU.Build.0 = Release|Any CPU
		{74B17DE6-8E6A-4D8B-AC6E-06DCE9815A3A}.Debug|Any CPU.ActiveCfg = Debug|Any CPU
		{74B17DE6-8E6A-4D8B-AC6E-06DCE9815A3A}.Debug|Any CPU.Build.0 = Debug|Any CPU
		{74B17DE6-8E6A-4D8B-AC6E-06DCE9815A3A}.Release|Any CPU.ActiveCfg = Release|Any CPU
		{74B17DE6-8E6A-4D8B-AC6E-06DCE9815A3A}.Release|Any CPU.Build.0 = Release|Any CPU
		{9AC0843B-C26D-4437-AC42-7609E867209C}.Debug|Any CPU.ActiveCfg = Debug|Any CPU
		{9AC0843B-C26D-4437-AC42-7609E867209C}.Debug|Any CPU.Build.0 = Debug|Any CPU
		{9AC0843B-C26D-4437-AC42-7609E867209C}.Release|Any CPU.ActiveCfg = Release|Any CPU
		{9AC0843B-C26D-4437-AC42-7609E867209C}.Release|Any CPU.Build.0 = Release|Any CPU
		{274E17AF-BCC9-4A35-9F34-9B903D996C51}.Debug|Any CPU.ActiveCfg = Debug|Any CPU
		{274E17AF-BCC9-4A35-9F34-9B903D996C51}.Debug|Any CPU.Build.0 = Debug|Any CPU
		{274E17AF-BCC9-4A35-9F34-9B903D996C51}.Release|Any CPU.ActiveCfg = Release|Any CPU
		{274E17AF-BCC9-4A35-9F34-9B903D996C51}.Release|Any CPU.Build.0 = Release|Any CPU
		{13D60C90-1C0E-44CA-9CDF-700DF58359D8}.Debug|Any CPU.ActiveCfg = Debug|Any CPU
		{13D60C90-1C0E-44CA-9CDF-700DF58359D8}.Debug|Any CPU.Build.0 = Debug|Any CPU
		{13D60C90-1C0E-44CA-9CDF-700DF58359D8}.Release|Any CPU.ActiveCfg = Release|Any CPU
		{13D60C90-1C0E-44CA-9CDF-700DF58359D8}.Release|Any CPU.Build.0 = Release|Any CPU
		{89DCA58A-B543-484A-B4D1-93B30AB503AC}.Debug|Any CPU.ActiveCfg = Debug|Any CPU
		{89DCA58A-B543-484A-B4D1-93B30AB503AC}.Debug|Any CPU.Build.0 = Debug|Any CPU
		{89DCA58A-B543-484A-B4D1-93B30AB503AC}.Release|Any CPU.ActiveCfg = Release|Any CPU
		{89DCA58A-B543-484A-B4D1-93B30AB503AC}.Release|Any CPU.Build.0 = Release|Any CPU
		{F2331740-B238-4F86-81AE-BF53C75C2216}.Debug|Any CPU.ActiveCfg = Debug|Any CPU
		{F2331740-B238-4F86-81AE-BF53C75C2216}.Debug|Any CPU.Build.0 = Debug|Any CPU
		{F2331740-B238-4F86-81AE-BF53C75C2216}.Release|Any CPU.ActiveCfg = Release|Any CPU
		{F2331740-B238-4F86-81AE-BF53C75C2216}.Release|Any CPU.Build.0 = Release|Any CPU
		{76A71683-AB46-4CED-A971-E5299D93A620}.Debug|Any CPU.ActiveCfg = Debug|Any CPU
		{76A71683-AB46-4CED-A971-E5299D93A620}.Debug|Any CPU.Build.0 = Debug|Any CPU
		{76A71683-AB46-4CED-A971-E5299D93A620}.Release|Any CPU.ActiveCfg = Release|Any CPU
		{76A71683-AB46-4CED-A971-E5299D93A620}.Release|Any CPU.Build.0 = Release|Any CPU
		{272A5F9D-22BB-48CE-AD83-EC2BA4562D50}.Debug|Any CPU.ActiveCfg = Debug|Any CPU
		{272A5F9D-22BB-48CE-AD83-EC2BA4562D50}.Debug|Any CPU.Build.0 = Debug|Any CPU
		{272A5F9D-22BB-48CE-AD83-EC2BA4562D50}.Release|Any CPU.ActiveCfg = Release|Any CPU
		{272A5F9D-22BB-48CE-AD83-EC2BA4562D50}.Release|Any CPU.Build.0 = Release|Any CPU
		{033FB349-9F6E-43CA-81FC-AB6555DCE2D1}.Debug|Any CPU.ActiveCfg = Debug|Any CPU
		{033FB349-9F6E-43CA-81FC-AB6555DCE2D1}.Debug|Any CPU.Build.0 = Debug|Any CPU
		{033FB349-9F6E-43CA-81FC-AB6555DCE2D1}.Release|Any CPU.ActiveCfg = Release|Any CPU
		{033FB349-9F6E-43CA-81FC-AB6555DCE2D1}.Release|Any CPU.Build.0 = Release|Any CPU
	EndGlobalSection
	GlobalSection(SolutionProperties) = preSolution
		HideSolutionNode = FALSE
	EndGlobalSection
	GlobalSection(ExtensibilityGlobals) = postSolution
		SolutionGuid = {4CB4ACEB-A22E-43E0-BF96-1965ACFEC21F}
	EndGlobalSection
EndGlobal
