
Microsoft Visual Studio Solution File, Format Version 12.00
# Visual Studio Version 17
VisualStudioVersion = 17.4.33110.190
MinimumVisualStudioVersion = 10.0.40219.1
Project("{9A19103F-16F7-4668-BE54-9A1E7A4F7556}") = "UsoDeFor", "UsoDeFor\UsoDeFor.csproj", "{B3BBA730-A98C-4C3F-9278-04C33740175A}"
EndProject
Project("{9A19103F-16F7-4668-BE54-9A1E7A4F7556}") = "Encapsulamento", "Encapsulamento\Encapsulamento.csproj", "{74B17DE6-8E6A-4D8B-AC6E-06DCE9815A3A}"
EndProject
Project("{9A19103F-16F7-4668-BE54-9A1E7A4F7556}") = "Properties", "Properties\Properties.csproj", "{9AC0843B-C26D-4437-AC42-7609E867209C}"
EndProject
Project("{9A19103F-16F7-4668-BE54-9A1E7A4F7556}") = "UsoDeNullable", "UsoDeNullable\UsoDeNullable.csproj", "{274E17AF-BCC9-4A35-9F34-9B903D996C51}"
EndProject
Project("{9A19103F-16F7-4668-BE54-9A1E7A4F7556}") = "StructVetores", "Vetores\StructVetores.csproj", "{13D60C90-1C0E-44CA-9CDF-700DF58359D8}"
EndProject
Project("{9A19103F-16F7-4668-BE54-9A1E7A4F7556}") = "BoxingUnboxing", "BoxingUnboxing\BoxingUnboxing.csproj", "{89DCA58A-B543-484A-B4D1-93B30AB503AC}"
EndProject
Project("{9A19103F-16F7-4668-BE54-9A1E7A4F7556}") = "Listas", "Listas\Listas.csproj", "{F2331740-B238-4F86-81AE-BF53C75C2216}"
EndProject
Project("{9A19103F-16F7-4668-BE54-9A1E7A4F7556}") = "AtualizandoLista", "AtualizandoLista\AtualizandoLista.csproj", "{76A71683-AB46-4CED-A971-E5299D93A620}"
EndProject
Project("{9A19103F-16F7-4668-BE54-9A1E7A4F7556}") = "Matrizes", "Matrizes\Matrizes.csproj", "{272A5F9D-22BB-48CE-AD83-EC2BA4562D50}"
EndProject
Project("{9A19103F-16F7-4668-BE54-9A1E7A4F7556}") = "SwitchCase", "SwitchCase\SwitchCase.csproj", "{033FB349-9F6E-43CA-81FC-AB6555DCE2D1}"
EndProject
Project("{9A19103F-16F7-4668-BE54-9A1E7A4F7556}") = "Ternarios", "Ternarios\Ternarios.csproj", "{642A089A-F6C7-4D88-A552-7F6B30084B47}"
EndProject
Project("{9A19103F-16F7-4668-BE54-9A1E7A4F7556}") = "Enum", "Enum\Enum.csproj", "{25C9C863-C8E9-49F7-B719-E527DFED0B86}"
EndProject
Project("{9A19103F-16F7-4668-BE54-9A1E7A4F7556}") = "Composicao", "Composicao\Composicao.csproj", "{8F253E3F-6A1A-49F5-814B-C00E267A9727}"
EndProject
Project("{9A19103F-16F7-4668-BE54-9A1E7A4F7556}") = "HerancaPolimorfismo", "HerancaPolimorfismo\HerancaPolimorfismo.csproj", "{E381E05D-C975-4BD0-9543-67A7260C3E1C}"
EndProject
Project("{9A19103F-16F7-4668-BE54-9A1E7A4F7556}") = "UpcastingDowncasting", "UpcastingDowncasting\UpcastingDowncasting.csproj", "{6F09775F-09C6-49E6-9215-6DFB6A28809F}"
EndProject
Project("{9A19103F-16F7-4668-BE54-9A1E7A4F7556}") = "PalavrasOverrideVirtualeBase", "PalavrasOverrideVirtualeBase\PalavrasOverrideVirtualeBase.csproj", "{52A943DB-1FFD-4E10-AC35-9FF8486744CF}"
EndProject
Project("{9A19103F-16F7-4668-BE54-9A1E7A4F7556}") = "HashSet", "HashSet\HashSet.csproj", "{8319D094-81BA-4DFE-871F-1E53968D77D8}"
EndProject
Project("{9A19103F-16F7-4668-BE54-9A1E7A4F7556}") = "Dictionary", "Dictionary\Dictionary.csproj", "{98BDD463-6E02-4260-95D6-3468171DC633}"
EndProject
Project("{9A19103F-16F7-4668-BE54-9A1E7A4F7556}") = "ExtensionMethods", "ExtensionMethods\ExtensionMethods.csproj", "{DDBBF848-F794-4C88-A595-E21EA17851FC}"
EndProject
Project("{FAE04EC0-301F-11D3-BF4B-00C04F79EFBC}") = "Linq", "Linq\Linq.csproj", "{AC6E8A4E-B0B0-4A87-8489-16CEB00769A5}"
EndProject
Global
	GlobalSection(SolutionConfigurationPlatforms) = preSolution
		Debug|Any CPU = Debug|Any CPU
		Release|Any CPU = Release|Any CPU
	EndGlobalSection
	GlobalSection(ProjectConfigurationPlatforms) = postSolution
		{B3BBA730-A98C-4C3F-9278-04C33740175A}.Debug|Any CPU.ActiveCfg = Debug|Any CPU
		{B3BBA730-A98C-4C3F-9278-04C33740175A}.Debug|Any CPU.Build.0 = Debug|Any CPU
		{B3BBA730-A98C-4C3F-9278-04C33740175A}.Release|Any CPU.ActiveCfg = Release|Any CPU
		{B3BBA730-A98C-4C3F-9278-04C33740175A}.Release|Any CPU.Build.0 = Release|Any CPU
		{74B17DE6-8E6A-4D8B-AC6E-06DCE9815A3A}.Debug|Any CPU.ActiveCfg = Debug|Any CPU
		{74B17DE6-8E6A-4D8B-AC6E-06DCE9815A3A}.Debug|Any CPU.Build.0 = Debug|Any CPU
		{74B17DE6-8E6A-4D8B-AC6E-06DCE9815A3A}.Release|Any CPU.ActiveCfg = Release|Any CPU
		{74B17DE6-8E6A-4D8B-AC6E-06DCE9815A3A}.Release|Any CPU.Build.0 = Release|Any CPU
		{9AC0843B-C26D-4437-AC42-7609E867209C}.Debug|Any CPU.ActiveCfg = Debug|Any CPU
		{9AC0843B-C26D-4437-AC42-7609E867209C}.Debug|Any CPU.Build.0 = Debug|Any CPU
		{9AC0843B-C26D-4437-AC42-7609E867209C}.Release|Any CPU.ActiveCfg = Release|Any CPU
		{9AC0843B-C26D-4437-AC42-7609E867209C}.Release|Any CPU.Build.0 = Release|Any CPU
		{274E17AF-BCC9-4A35-9F34-9B903D996C51}.Debug|Any CPU.ActiveCfg = Debug|Any CPU
		{274E17AF-BCC9-4A35-9F34-9B903D996C51}.Debug|Any CPU.Build.0 = Debug|Any CPU
		{274E17AF-BCC9-4A35-9F34-9B903D996C51}.Release|Any CPU.ActiveCfg = Release|Any CPU
		{274E17AF-BCC9-4A35-9F34-9B903D996C51}.Release|Any CPU.Build.0 = Release|Any CPU
		{13D60C90-1C0E-44CA-9CDF-700DF58359D8}.Debug|Any CPU.ActiveCfg = Debug|Any CPU
		{13D60C90-1C0E-44CA-9CDF-700DF58359D8}.Debug|Any CPU.Build.0 = Debug|Any CPU
		{13D60C90-1C0E-44CA-9CDF-700DF58359D8}.Release|Any CPU.ActiveCfg = Release|Any CPU
		{13D60C90-1C0E-44CA-9CDF-700DF58359D8}.Release|Any CPU.Build.0 = Release|Any CPU
		{89DCA58A-B543-484A-B4D1-93B30AB503AC}.Debug|Any CPU.ActiveCfg = Debug|Any CPU
		{89DCA58A-B543-484A-B4D1-93B30AB503AC}.Debug|Any CPU.Build.0 = Debug|Any CPU
		{89DCA58A-B543-484A-B4D1-93B30AB503AC}.Release|Any CPU.ActiveCfg = Release|Any CPU
		{89DCA58A-B543-484A-B4D1-93B30AB503AC}.Release|Any CPU.Build.0 = Release|Any CPU
		{F2331740-B238-4F86-81AE-BF53C75C2216}.Debug|Any CPU.ActiveCfg = Debug|Any CPU
		{F2331740-B238-4F86-81AE-BF53C75C2216}.Debug|Any CPU.Build.0 = Debug|Any CPU
		{F2331740-B238-4F86-81AE-BF53C75C2216}.Release|Any CPU.ActiveCfg = Release|Any CPU
		{F2331740-B238-4F86-81AE-BF53C75C2216}.Release|Any CPU.Build.0 = Release|Any CPU
		{76A71683-AB46-4CED-A971-E5299D93A620}.Debug|Any CPU.ActiveCfg = Debug|Any CPU
		{76A71683-AB46-4CED-A971-E5299D93A620}.Debug|Any CPU.Build.0 = Debug|Any CPU
		{76A71683-AB46-4CED-A971-E5299D93A620}.Release|Any CPU.ActiveCfg = Release|Any CPU
		{76A71683-AB46-4CED-A971-E5299D93A620}.Release|Any CPU.Build.0 = Release|Any CPU
		{272A5F9D-22BB-48CE-AD83-EC2BA4562D50}.Debug|Any CPU.ActiveCfg = Debug|Any CPU
		{272A5F9D-22BB-48CE-AD83-EC2BA4562D50}.Debug|Any CPU.Build.0 = Debug|Any CPU
		{272A5F9D-22BB-48CE-AD83-EC2BA4562D50}.Release|Any CPU.ActiveCfg = Release|Any CPU
		{272A5F9D-22BB-48CE-AD83-EC2BA4562D50}.Release|Any CPU.Build.0 = Release|Any CPU
		{033FB349-9F6E-43CA-81FC-AB6555DCE2D1}.Debug|Any CPU.ActiveCfg = Debug|Any CPU
		{033FB349-9F6E-43CA-81FC-AB6555DCE2D1}.Debug|Any CPU.Build.0 = Debug|Any CPU
		{033FB349-9F6E-43CA-81FC-AB6555DCE2D1}.Release|Any CPU.ActiveCfg = Release|Any CPU
		{033FB349-9F6E-43CA-81FC-AB6555DCE2D1}.Release|Any CPU.Build.0 = Release|Any CPU
		{642A089A-F6C7-4D88-A552-7F6B30084B47}.Debug|Any CPU.ActiveCfg = Debug|Any CPU
		{642A089A-F6C7-4D88-A552-7F6B30084B47}.Debug|Any CPU.Build.0 = Debug|Any CPU
		{642A089A-F6C7-4D88-A552-7F6B30084B47}.Release|Any CPU.ActiveCfg = Release|Any CPU
		{642A089A-F6C7-4D88-A552-7F6B30084B47}.Release|Any CPU.Build.0 = Release|Any CPU
		{25C9C863-C8E9-49F7-B719-E527DFED0B86}.Debug|Any CPU.ActiveCfg = Debug|Any CPU
		{25C9C863-C8E9-49F7-B719-E527DFED0B86}.Debug|Any CPU.Build.0 = Debug|Any CPU
		{25C9C863-C8E9-49F7-B719-E527DFED0B86}.Release|Any CPU.ActiveCfg = Release|Any CPU
		{25C9C863-C8E9-49F7-B719-E527DFED0B86}.Release|Any CPU.Build.0 = Release|Any CPU
		{8F253E3F-6A1A-49F5-814B-C00E267A9727}.Debug|Any CPU.ActiveCfg = Debug|Any CPU
		{8F253E3F-6A1A-49F5-814B-C00E267A9727}.Debug|Any CPU.Build.0 = Debug|Any CPU
		{8F253E3F-6A1A-49F5-814B-C00E267A9727}.Release|Any CPU.ActiveCfg = Release|Any CPU
		{8F253E3F-6A1A-49F5-814B-C00E267A9727}.Release|Any CPU.Build.0 = Release|Any CPU
		{E381E05D-C975-4BD0-9543-67A7260C3E1C}.Debug|Any CPU.ActiveCfg = Debug|Any CPU
		{E381E05D-C975-4BD0-9543-67A7260C3E1C}.Debug|Any CPU.Build.0 = Debug|Any CPU
		{E381E05D-C975-4BD0-9543-67A7260C3E1C}.Release|Any CPU.ActiveCfg = Release|Any CPU
		{E381E05D-C975-4BD0-9543-67A7260C3E1C}.Release|Any CPU.Build.0 = Release|Any CPU
		{6F09775F-09C6-49E6-9215-6DFB6A28809F}.Debug|Any CPU.ActiveCfg = Debug|Any CPU
		{6F09775F-09C6-49E6-9215-6DFB6A28809F}.Debug|Any CPU.Build.0 = Debug|Any CPU
		{6F09775F-09C6-49E6-9215-6DFB6A28809F}.Release|Any CPU.ActiveCfg = Release|Any CPU
		{6F09775F-09C6-49E6-9215-6DFB6A28809F}.Release|Any CPU.Build.0 = Release|Any CPU
		{52A943DB-1FFD-4E10-AC35-9FF8486744CF}.Debug|Any CPU.ActiveCfg = Debug|Any CPU
		{52A943DB-1FFD-4E10-AC35-9FF8486744CF}.Debug|Any CPU.Build.0 = Debug|Any CPU
		{52A943DB-1FFD-4E10-AC35-9FF8486744CF}.Release|Any CPU.ActiveCfg = Release|Any CPU
		{52A943DB-1FFD-4E10-AC35-9FF8486744CF}.Release|Any CPU.Build.0 = Release|Any CPU
		{8319D094-81BA-4DFE-871F-1E53968D77D8}.Debug|Any CPU.ActiveCfg = Debug|Any CPU
		{8319D094-81BA-4DFE-871F-1E53968D77D8}.Debug|Any CPU.Build.0 = Debug|Any CPU
		{8319D094-81BA-4DFE-871F-1E53968D77D8}.Release|Any CPU.ActiveCfg = Release|Any CPU
		{8319D094-81BA-4DFE-871F-1E53968D77D8}.Release|Any CPU.Build.0 = Release|Any CPU
		{98BDD463-6E02-4260-95D6-3468171DC633}.Debug|Any CPU.ActiveCfg = Debug|Any CPU
		{98BDD463-6E02-4260-95D6-3468171DC633}.Debug|Any CPU.Build.0 = Debug|Any CPU
		{98BDD463-6E02-4260-95D6-3468171DC633}.Release|Any CPU.ActiveCfg = Release|Any CPU
		{98BDD463-6E02-4260-95D6-3468171DC633}.Release|Any CPU.Build.0 = Release|Any CPU
		{DDBBF848-F794-4C88-A595-E21EA17851FC}.Debug|Any CPU.ActiveCfg = Debug|Any CPU
		{DDBBF848-F794-4C88-A595-E21EA17851FC}.Debug|Any CPU.Build.0 = Debug|Any CPU
		{DDBBF848-F794-4C88-A595-E21EA17851FC}.Release|Any CPU.ActiveCfg = Release|Any CPU
		{DDBBF848-F794-4C88-A595-E21EA17851FC}.Release|Any CPU.Build.0 = Release|Any CPU
		{AC6E8A4E-B0B0-4A87-8489-16CEB00769A5}.Debug|Any CPU.ActiveCfg = Debug|Any CPU
		{AC6E8A4E-B0B0-4A87-8489-16CEB00769A5}.Debug|Any CPU.Build.0 = Debug|Any CPU
		{AC6E8A4E-B0B0-4A87-8489-16CEB00769A5}.Release|Any CPU.ActiveCfg = Release|Any CPU
		{AC6E8A4E-B0B0-4A87-8489-16CEB00769A5}.Release|Any CPU.Build.0 = Release|Any CPU
	EndGlobalSection
	GlobalSection(SolutionProperties) = preSolution
		HideSolutionNode = FALSE
	EndGlobalSection
	GlobalSection(ExtensibilityGlobals) = postSolution
		SolutionGuid = {4CB4ACEB-A22E-43E0-BF96-1965ACFEC21F}
	EndGlobalSection
EndGlobal
